// !$*UTF8*$!
{
	archiveVersion = 1;
	classes = {
	};
	objectVersion = 46;
	objects = {

/* Begin PBXBuildFile section */
		D40C73EF14FA5CF3005FCD04 /* UIKit.framework in Frameworks */ = {isa = PBXBuildFile; fileRef = D40C73EE14FA5CF3005FCD04 /* UIKit.framework */; };
		D40C73F114FA5CF3005FCD04 /* Foundation.framework in Frameworks */ = {isa = PBXBuildFile; fileRef = D40C73F014FA5CF3005FCD04 /* Foundation.framework */; };
		D40C73F314FA5CF3005FCD04 /* CoreGraphics.framework in Frameworks */ = {isa = PBXBuildFile; fileRef = D40C73F214FA5CF3005FCD04 /* CoreGraphics.framework */; };
		D40C73F914FA5CF3005FCD04 /* InfoPlist.strings in Resources */ = {isa = PBXBuildFile; fileRef = D40C73F714FA5CF3005FCD04 /* InfoPlist.strings */; };
		D40C73FB14FA5CF3005FCD04 /* main.m in Sources */ = {isa = PBXBuildFile; fileRef = D40C73FA14FA5CF3005FCD04 /* main.m */; };
		D40C73FF14FA5CF3005FCD04 /* FoodPlaceAppDelegate.m in Sources */ = {isa = PBXBuildFile; fileRef = D40C73FE14FA5CF3005FCD04 /* FoodPlaceAppDelegate.m */; };
		D40C740214FA5CF3005FCD04 /* MainStoryboard.storyboard in Resources */ = {isa = PBXBuildFile; fileRef = D40C740014FA5CF3005FCD04 /* MainStoryboard.storyboard */; };
		D40C740514FA5CF3005FCD04 /* FoodPlaceFirstViewController.m in Sources */ = {isa = PBXBuildFile; fileRef = D40C740414FA5CF3005FCD04 /* FoodPlaceFirstViewController.m */; };
		D40C740714FA5CF3005FCD04 /* first.png in Resources */ = {isa = PBXBuildFile; fileRef = D40C740614FA5CF3005FCD04 /* first.png */; };
		D40C740914FA5CF3005FCD04 /* first@2x.png in Resources */ = {isa = PBXBuildFile; fileRef = D40C740814FA5CF3005FCD04 /* first@2x.png */; };
		D40C740C14FA5CF3005FCD04 /* FoodPlaceSecondViewController.m in Sources */ = {isa = PBXBuildFile; fileRef = D40C740B14FA5CF3005FCD04 /* FoodPlaceSecondViewController.m */; };
		D40C740E14FA5CF3005FCD04 /* second.png in Resources */ = {isa = PBXBuildFile; fileRef = D40C740D14FA5CF3005FCD04 /* second.png */; };
		D40C741014FA5CF3005FCD04 /* second@2x.png in Resources */ = {isa = PBXBuildFile; fileRef = D40C740F14FA5CF3005FCD04 /* second@2x.png */; };
/* End PBXBuildFile section */

/* Begin PBXFileReference section */
		D40C73EA14FA5CF3005FCD04 /* FoodPlace.app */ = {isa = PBXFileReference; explicitFileType = wrapper.application; includeInIndex = 0; path = FoodPlace.app; sourceTree = BUILT_PRODUCTS_DIR; };
		D40C73EE14FA5CF3005FCD04 /* UIKit.framework */ = {isa = PBXFileReference; lastKnownFileType = wrapper.framework; name = UIKit.framework; path = System/Library/Frameworks/UIKit.framework; sourceTree = SDKROOT; };
		D40C73F014FA5CF3005FCD04 /* Foundation.framework */ = {isa = PBXFileReference; lastKnownFileType = wrapper.framework; name = Foundation.framework; path = System/Library/Frameworks/Foundation.framework; sourceTree = SDKROOT; };
		D40C73F214FA5CF3005FCD04 /* CoreGraphics.framework */ = {isa = PBXFileReference; lastKnownFileType = wrapper.framework; name = CoreGraphics.framework; path = System/Library/Frameworks/CoreGraphics.framework; sourceTree = SDKROOT; };
		D40C73F614FA5CF3005FCD04 /* FoodPlace-Info.plist */ = {isa = PBXFileReference; path = "FoodPlace-Info.plist"; sourceTree = "<group>"; };
		D40C73F814FA5CF3005FCD04 /* en */ = {isa = PBXFileReference; lastKnownFileType = text.plist.strings; name = en; path = en.lproj/InfoPlist.strings; sourceTree = "<group>"; };
		D40C73FA14FA5CF3005FCD04 /* main.m */ = {isa = PBXFileReference; lastKnownFileType = sourcecode.c.objc; path = main.m; sourceTree = "<group>"; };
		D40C73FC14FA5CF3005FCD04 /* FoodPlace-Prefix.pch */ = {isa = PBXFileReference; path = "FoodPlace-Prefix.pch"; sourceTree = "<group>"; };
		D40C73FD14FA5CF3005FCD04 /* FoodPlaceAppDelegate.h */ = {isa = PBXFileReference; path = FoodPlaceAppDelegate.h; sourceTree = "<group>"; };
		D40C73FE14FA5CF3005FCD04 /* FoodPlaceAppDelegate.m */ = {isa = PBXFileReference; lastKnownFileType = sourcecode.c.objc; path = FoodPlaceAppDelegate.m; sourceTree = "<group>"; };
		D40C740114FA5CF3005FCD04 /* en */ = {isa = PBXFileReference; lastKnownFileType = file.storyboard; name = en; path = en.lproj/MainStoryboard.storyboard; sourceTree = "<group>"; };
		D40C740314FA5CF3005FCD04 /* FoodPlaceFirstViewController.h */ = {isa = PBXFileReference; path = FoodPlaceFirstViewController.h; sourceTree = "<group>"; };
		D40C740414FA5CF3005FCD04 /* FoodPlaceFirstViewController.m */ = {isa = PBXFileReference; lastKnownFileType = sourcecode.c.objc; path = FoodPlaceFirstViewController.m; sourceTree = "<group>"; };
		D40C740614FA5CF3005FCD04 /* first.png */ = {isa = PBXFileReference; lastKnownFileType = image.png; path = first.png; sourceTree = "<group>"; };
		D40C740814FA5CF3005FCD04 /* first@2x.png */ = {isa = PBXFileReference; lastKnownFileType = image.png; path = "first@2x.png"; sourceTree = "<group>"; };
		D40C740A14FA5CF3005FCD04 /* FoodPlaceSecondViewController.h */ = {isa = PBXFileReference; path = FoodPlaceSecondViewController.h; sourceTree = "<group>"; };
		D40C740B14FA5CF3005FCD04 /* FoodPlaceSecondViewController.m */ = {isa = PBXFileReference; lastKnownFileType = sourcecode.c.objc; path = FoodPlaceSecondViewController.m; sourceTree = "<group>"; };
		D40C740D14FA5CF3005FCD04 /* second.png */ = {isa = PBXFileReference; lastKnownFileType = image.png; path = second.png; sourceTree = "<group>"; };
		D40C740F14FA5CF3005FCD04 /* second@2x.png */ = {isa = PBXFileReference; lastKnownFileType = image.png; path = "second@2x.png"; sourceTree = "<group>"; };
/* End PBXFileReference section */

/* Begin PBXFrameworksBuildPhase section */
		D40C73E714FA5CF3005FCD04 /* Frameworks */ = {
			isa = PBXFrameworksBuildPhase;
			buildActionMask = 2147483647;
			files = (
				D40C73EF14FA5CF3005FCD04 /* UIKit.framework in Frameworks */,
				D40C73F114FA5CF3005FCD04 /* Foundation.framework in Frameworks */,
				D40C73F314FA5CF3005FCD04 /* CoreGraphics.framework in Frameworks */,
			);
			runOnlyForDeploymentPostprocessing = 0;
		};
/* End PBXFrameworksBuildPhase section */

/* Begin PBXGroup section */
		D40C73DF14FA5CF3005FCD04 = {
			isa = PBXGroup;
			children = (
				D40C73F414FA5CF3005FCD04 /* FoodPlace */,
				D40C73ED14FA5CF3005FCD04 /* Frameworks */,
				D40C73EB14FA5CF3005FCD04 /* Products */,
			);
			sourceTree = "<group>";
		};
		D40C73EB14FA5CF3005FCD04 /* Products */ = {
			isa = PBXGroup;
			children = (
				D40C73EA14FA5CF3005FCD04 /* FoodPlace.app */,
			);
			name = Products;
			sourceTree = "<group>";
		};
		D40C73ED14FA5CF3005FCD04 /* Frameworks */ = {
			isa = PBXGroup;
			children = (
				D40C73EE14FA5CF3005FCD04 /* UIKit.framework */,
				D40C73F014FA5CF3005FCD04 /* Foundation.framework */,
				D40C73F214FA5CF3005FCD04 /* CoreGraphics.framework */,
			);
			name = Frameworks;
			sourceTree = "<group>";
		};
		D40C73F414FA5CF3005FCD04 /* FoodPlace */ = {
			isa = PBXGroup;
			children = (
				D40C73FD14FA5CF3005FCD04 /* FoodPlaceAppDelegate.h */,
				D40C73FE14FA5CF3005FCD04 /* FoodPlaceAppDelegate.m */,
				D40C740014FA5CF3005FCD04 /* MainStoryboard.storyboard */,
				D40C740314FA5CF3005FCD04 /* FoodPlaceFirstViewController.h */,
				D40C740414FA5CF3005FCD04 /* FoodPlaceFirstViewController.m */,
				D40C740614FA5CF3005FCD04 /* first.png */,
				D40C740814FA5CF3005FCD04 /* first@2x.png */,
				D40C740A14FA5CF3005FCD04 /* FoodPlaceSecondViewController.h */,
				D40C740B14FA5CF3005FCD04 /* FoodPlaceSecondViewController.m */,
				D40C740D14FA5CF3005FCD04 /* second.png */,
				D40C740F14FA5CF3005FCD04 /* second@2x.png */,
				D40C73F514FA5CF3005FCD04 /* Supporting Files */,
			);
			path = FoodPlace;
			sourceTree = "<group>";
		};
		D40C73F514FA5CF3005FCD04 /* Supporting Files */ = {
			isa = PBXGroup;
			children = (
				D40C73F614FA5CF3005FCD04 /* FoodPlace-Info.plist */,
				D40C73F714FA5CF3005FCD04 /* InfoPlist.strings */,
				D40C73FA14FA5CF3005FCD04 /* main.m */,
				D40C73FC14FA5CF3005FCD04 /* FoodPlace-Prefix.pch */,
			);
			name = "Supporting Files";
			sourceTree = "<group>";
		};
/* End PBXGroup section */

/* Begin PBXNativeTarget section */
		D40C73E914FA5CF3005FCD04 /* FoodPlace */ = {
			isa = PBXNativeTarget;
			buildConfigurationList = D40C741314FA5CF3005FCD04 /* Build configuration list for PBXNativeTarget "FoodPlace" */;
			buildPhases = (
				D40C73E614FA5CF3005FCD04 /* Sources */,
				D40C73E714FA5CF3005FCD04 /* Frameworks */,
				D40C73E814FA5CF3005FCD04 /* Resources */,
			);
			buildRules = (
			);
			dependencies = (
			);
			name = FoodPlace;
			productName = FoodPlace;
			productReference = D40C73EA14FA5CF3005FCD04 /* FoodPlace.app */;
			productType = "com.apple.product-type.application";
		};
/* End PBXNativeTarget section */

/* Begin PBXProject section */
		D40C73E114FA5CF3005FCD04 /* Project object */ = {
			isa = PBXProject;
			attributes = {
				CLASSPREFIX = FoodPlace;
				LastUpgradeCheck = 0430;
			};
			buildConfigurationList = D40C73E414FA5CF3005FCD04 /* Build configuration list for PBXProject "FoodPlace" */;
			compatibilityVersion = "Xcode 3.2";
			developmentRegion = English;
			hasScannedForEncodings = 0;
			knownRegions = (
				en,
			);
			mainGroup = D40C73DF14FA5CF3005FCD04;
			productRefGroup = D40C73EB14FA5CF3005FCD04 /* Products */;
			projectDirPath = "";
			projectRoot = "";
			targets = (
				D40C73E914FA5CF3005FCD04 /* FoodPlace */,
			);
		};
/* End PBXProject section */

/* Begin PBXResourcesBuildPhase section */
		D40C73E814FA5CF3005FCD04 /* Resources */ = {
			isa = PBXResourcesBuildPhase;
			buildActionMask = 2147483647;
			files = (
				D40C73F914FA5CF3005FCD04 /* InfoPlist.strings in Resources */,
				D40C740214FA5CF3005FCD04 /* MainStoryboard.storyboard in Resources */,
				D40C740714FA5CF3005FCD04 /* first.png in Resources */,
				D40C740914FA5CF3005FCD04 /* first@2x.png in Resources */,
				D40C740E14FA5CF3005FCD04 /* second.png in Resources */,
				D40C741014FA5CF3005FCD04 /* second@2x.png in Resources */,
			);
			runOnlyForDeploymentPostprocessing = 0;
		};
/* End PBXResourcesBuildPhase section */

/* Begin PBXSourcesBuildPhase section */
		D40C73E614FA5CF3005FCD04 /* Sources */ = {
			isa = PBXSourcesBuildPhase;
			buildActionMask = 2147483647;
			files = (
				D40C73FB14FA5CF3005FCD04 /* main.m in Sources */,
				D40C73FF14FA5CF3005FCD04 /* FoodPlaceAppDelegate.m in Sources */,
				D40C740514FA5CF3005FCD04 /* FoodPlaceFirstViewController.m in Sources */,
				D40C740C14FA5CF3005FCD04 /* FoodPlaceSecondViewController.m in Sources */,
			);
			runOnlyForDeploymentPostprocessing = 0;
		};
/* End PBXSourcesBuildPhase section */

/* Begin PBXVariantGroup section */
		D40C73F714FA5CF3005FCD04 /* InfoPlist.strings */ = {
			isa = PBXVariantGroup;
			children = (
				D40C73F814FA5CF3005FCD04 /* en */,
			);
			name = InfoPlist.strings;
			sourceTree = "<group>";
		};
		D40C740014FA5CF3005FCD04 /* MainStoryboard.storyboard */ = {
			isa = PBXVariantGroup;
			children = (
				D40C740114FA5CF3005FCD04 /* en */,
			);
			name = MainStoryboard.storyboard;
			sourceTree = "<group>";
		};
/* End PBXVariantGroup section */

/* Begin XCBuildConfiguration section */
		D40C741114FA5CF3005FCD04 /* Debug */ = {
			isa = XCBuildConfiguration;
			buildSettings = {
				ALWAYS_SEARCH_USER_PATHS = NO;
				ARCHS = "$(ARCHS_STANDARD_32_BIT)";
				"CODE_SIGN_IDENTITY[sdk=iphoneos*]" = "iPhone Developer";
				COPY_PHASE_STRIP = NO;
				GCC_C_LANGUAGE_STANDARD = gnu99;
				GCC_DYNAMIC_NO_PIC = NO;
				GCC_OPTIMIZATION_LEVEL = 0;
				GCC_PREPROCESSOR_DEFINITIONS = (
					"DEBUG=1",
					"$(inherited)",
				);
				GCC_SYMBOLS_PRIVATE_EXTERN = NO;
				GCC_VERSION = com.apple.compilers.llvm.clang.1_0;
				GCC_WARN_ABOUT_RETURN_TYPE = YES;
				GCC_WARN_UNINITIALIZED_AUTOS = YES;
				GCC_WARN_UNUSED_VARIABLE = YES;
				IPHONEOS_DEPLOYMENT_TARGET = 5.0;
				SDKROOT = iphoneos;
			};
			name = Debug;
		};
		D40C741214FA5CF3005FCD04 /* Release */ = {
			isa = XCBuildConfiguration;
			buildSettings = {
				ALWAYS_SEARCH_USER_PATHS = NO;
				ARCHS = "$(ARCHS_STANDARD_32_BIT)";
				"CODE_SIGN_IDENTITY[sdk=iphoneos*]" = "iPhone Developer";
				COPY_PHASE_STRIP = YES;
				GCC_C_LANGUAGE_STANDARD = gnu99;
				GCC_VERSION = com.apple.compilers.llvm.clang.1_0;
				GCC_WARN_ABOUT_RETURN_TYPE = YES;
				GCC_WARN_UNINITIALIZED_AUTOS = YES;
				GCC_WARN_UNUSED_VARIABLE = YES;
				IPHONEOS_DEPLOYMENT_TARGET = 5.0;
				OTHER_CFLAGS = "-DNS_BLOCK_ASSERTIONS=1";
				SDKROOT = iphoneos;
				VALIDATE_PRODUCT = YES;
			};
			name = Release;
		};
		D40C741414FA5CF3005FCD04 /* Debug */ = {
			isa = XCBuildConfiguration;
			buildSettings = {
				GCC_PRECOMPILE_PREFIX_HEADER = YES;
				GCC_PREFIX_HEADER = "FoodPlace/FoodPlace-Prefix.pch";
				INFOPLIST_FILE = "FoodPlace/FoodPlace-Info.plist";
				PRODUCT_NAME = "$(TARGET_NAME)";
				WRAPPER_EXTENSION = app;
			};
			name = Debug;
		};
		D40C741514FA5CF3005FCD04 /* Release */ = {
			isa = XCBuildConfiguration;
			buildSettings = {
				GCC_PRECOMPILE_PREFIX_HEADER = YES;
				GCC_PREFIX_HEADER = "FoodPlace/FoodPlace-Prefix.pch";
				INFOPLIST_FILE = "FoodPlace/FoodPlace-Info.plist";
				PRODUCT_NAME = "$(TARGET_NAME)";
				WRAPPER_EXTENSION = app;
			};
			name = Release;
		};
/* End XCBuildConfiguration section */

/* Begin XCConfigurationList section */
		D40C73E414FA5CF3005FCD04 /* Build configuration list for PBXProject "FoodPlace" */ = {
			isa = XCConfigurationList;
			buildConfigurations = (
				D40C741114FA5CF3005FCD04 /* Debug */,
				D40C741214FA5CF3005FCD04 /* Release */,
			);
			defaultConfigurationIsVisible = 0;
			defaultConfigurationName = Release;
		};
		D40C741314FA5CF3005FCD04 /* Build configuration list for PBXNativeTarget "FoodPlace" */ = {
			isa = XCConfigurationList;
			buildConfigurations = (
				D40C741414FA5CF3005FCD04 /* Debug */,
				D40C741514FA5CF3005FCD04 /* Release */,
			);
			defaultConfigurationIsVisible = 0;
		};
/* End XCConfigurationList section */
	};
	rootObject = D40C73E114FA5CF3005FCD04 /* Project object */;
}
